// !$*UTF8*$!
{
	archiveVersion = 1;
	classes = {
	};
	objectVersion = 56;
	objects = {

/* Begin PBXBuildFile section */
		DE98A7CE2994124300426E6B /* eglucoApp.swift in Sources */ = {isa = PBXBuildFile; fileRef = DE98A7CD2994124300426E6B /* eglucoApp.swift */; };
		DE98A7D02994124300426E6B /* ContentView.swift in Sources */ = {isa = PBXBuildFile; fileRef = DE98A7CF2994124300426E6B /* ContentView.swift */; };
		DE98A7D22994124400426E6B /* Assets.xcassets in Resources */ = {isa = PBXBuildFile; fileRef = DE98A7D12994124400426E6B /* Assets.xcassets */; };
		DE98A7D62994124400426E6B /* Preview Assets.xcassets in Resources */ = {isa = PBXBuildFile; fileRef = DE98A7D52994124400426E6B /* Preview Assets.xcassets */; };
		DE98A7E02994124400426E6B /* eglucoTests.swift in Sources */ = {isa = PBXBuildFile; fileRef = DE98A7DF2994124400426E6B /* eglucoTests.swift */; };
		DE98A7EA2994124400426E6B /* eglucoUITests.swift in Sources */ = {isa = PBXBuildFile; fileRef = DE98A7E92994124400426E6B /* eglucoUITests.swift */; };
		DE98A7EC2994124400426E6B /* eglucoUITestsLaunchTests.swift in Sources */ = {isa = PBXBuildFile; fileRef = DE98A7EB2994124400426E6B /* eglucoUITestsLaunchTests.swift */; };
/* End PBXBuildFile section */

/* Begin PBXContainerItemProxy section */
		DE98A7DC2994124400426E6B /* PBXContainerItemProxy */ = {
			isa = PBXContainerItemProxy;
			containerPortal = DE98A7C22994124300426E6B /* Project object */;
			proxyType = 1;
			remoteGlobalIDString = DE98A7C92994124300426E6B;
			remoteInfo = egluco;
		};
		DE98A7E62994124400426E6B /* PBXContainerItemProxy */ = {
			isa = PBXContainerItemProxy;
			containerPortal = DE98A7C22994124300426E6B /* Project object */;
			proxyType = 1;
			remoteGlobalIDString = DE98A7C92994124300426E6B;
			remoteInfo = egluco;
		};
/* End PBXContainerItemProxy section */

/* Begin PBXFileReference section */
		DE98A7CA2994124300426E6B /* egluco.app */ = {isa = PBXFileReference; explicitFileType = wrapper.application; includeInIndex = 0; path = egluco.app; sourceTree = BUILT_PRODUCTS_DIR; };
		DE98A7CD2994124300426E6B /* eglucoApp.swift */ = {isa = PBXFileReference; lastKnownFileType = sourcecode.swift; path = eglucoApp.swift; sourceTree = "<group>"; };
		DE98A7CF2994124300426E6B /* ContentView.swift */ = {isa = PBXFileReference; lastKnownFileType = sourcecode.swift; path = ContentView.swift; sourceTree = "<group>"; };
		DE98A7D12994124400426E6B /* Assets.xcassets */ = {isa = PBXFileReference; lastKnownFileType = folder.assetcatalog; path = Assets.xcassets; sourceTree = "<group>"; };
		DE98A7D32994124400426E6B /* egluco.entitlements */ = {isa = PBXFileReference; lastKnownFileType = text.plist.entitlements; path = egluco.entitlements; sourceTree = "<group>"; };
		DE98A7D52994124400426E6B /* Preview Assets.xcassets */ = {isa = PBXFileReference; lastKnownFileType = folder.assetcatalog; path = "Preview Assets.xcassets"; sourceTree = "<group>"; };
		DE98A7DB2994124400426E6B /* eglucoTests.xctest */ = {isa = PBXFileReference; explicitFileType = wrapper.cfbundle; includeInIndex = 0; path = eglucoTests.xctest; sourceTree = BUILT_PRODUCTS_DIR; };
		DE98A7DF2994124400426E6B /* eglucoTests.swift */ = {isa = PBXFileReference; lastKnownFileType = sourcecode.swift; path = eglucoTests.swift; sourceTree = "<group>"; };
		DE98A7E52994124400426E6B /* eglucoUITests.xctest */ = {isa = PBXFileReference; explicitFileType = wrapper.cfbundle; includeInIndex = 0; path = eglucoUITests.xctest; sourceTree = BUILT_PRODUCTS_DIR; };
		DE98A7E92994124400426E6B /* eglucoUITests.swift */ = {isa = PBXFileReference; lastKnownFileType = sourcecode.swift; path = eglucoUITests.swift; sourceTree = "<group>"; };
		DE98A7EB2994124400426E6B /* eglucoUITestsLaunchTests.swift */ = {isa = PBXFileReference; lastKnownFileType = sourcecode.swift; path = eglucoUITestsLaunchTests.swift; sourceTree = "<group>"; };
/* End PBXFileReference section */

/* Begin PBXFrameworksBuildPhase section */
		DE98A7C72994124300426E6B /* Frameworks */ = {
			isa = PBXFrameworksBuildPhase;
			buildActionMask = 2147483647;
			files = (
			);
			runOnlyForDeploymentPostprocessing = 0;
		};
		DE98A7D82994124400426E6B /* Frameworks */ = {
			isa = PBXFrameworksBuildPhase;
			buildActionMask = 2147483647;
			files = (
			);
			runOnlyForDeploymentPostprocessing = 0;
		};
		DE98A7E22994124400426E6B /* Frameworks */ = {
			isa = PBXFrameworksBuildPhase;
			buildActionMask = 2147483647;
			files = (
			);
			runOnlyForDeploymentPostprocessing = 0;
		};
/* End PBXFrameworksBuildPhase section */

/* Begin PBXGroup section */
		DE98A7C12994124300426E6B = {
			isa = PBXGroup;
			children = (
				DE98A7CC2994124300426E6B /* egluco */,
				DE98A7DE2994124400426E6B /* eglucoTests */,
				DE98A7E82994124400426E6B /* eglucoUITests */,
				DE98A7CB2994124300426E6B /* Products */,
			);
			sourceTree = "<group>";
		};
		DE98A7CB2994124300426E6B /* Products */ = {
			isa = PBXGroup;
			children = (
				DE98A7CA2994124300426E6B /* egluco.app */,
				DE98A7DB2994124400426E6B /* eglucoTests.xctest */,
				DE98A7E52994124400426E6B /* eglucoUITests.xctest */,
			);
			name = Products;
			sourceTree = "<group>";
		};
		DE98A7CC2994124300426E6B /* egluco */ = {
			isa = PBXGroup;
			children = (
				DE98A7CD2994124300426E6B /* eglucoApp.swift */,
				DE98A7CF2994124300426E6B /* ContentView.swift */,
				DE98A7D12994124400426E6B /* Assets.xcassets */,
				DE98A7D32994124400426E6B /* egluco.entitlements */,
				DE98A7D42994124400426E6B /* Preview Content */,
			);
			path = egluco;
			sourceTree = "<group>";
		};
		DE98A7D42994124400426E6B /* Preview Content */ = {
			isa = PBXGroup;
			children = (
				DE98A7D52994124400426E6B /* Preview Assets.xcassets */,
			);
			path = "Preview Content";
			sourceTree = "<group>";
		};
		DE98A7DE2994124400426E6B /* eglucoTests */ = {
			isa = PBXGroup;
			children = (
				DE98A7DF2994124400426E6B /* eglucoTests.swift */,
			);
			path = eglucoTests;
			sourceTree = "<group>";
		};
		DE98A7E82994124400426E6B /* eglucoUITests */ = {
			isa = PBXGroup;
			children = (
				DE98A7E92994124400426E6B /* eglucoUITests.swift */,
				DE98A7EB2994124400426E6B /* eglucoUITestsLaunchTests.swift */,
			);
			path = eglucoUITests;
			sourceTree = "<group>";
		};
/* End PBXGroup section */

/* Begin PBXNativeTarget section */
		DE98A7C92994124300426E6B /* egluco */ = {
			isa = PBXNativeTarget;
			buildConfigurationList = DE98A7EF2994124400426E6B /* Build configuration list for PBXNativeTarget "egluco" */;
			buildPhases = (
				DE98A7C62994124300426E6B /* Sources */,
				DE98A7C72994124300426E6B /* Frameworks */,
				DE98A7C82994124300426E6B /* Resources */,
			);
			buildRules = (
			);
			dependencies = (
			);
			name = egluco;
			productName = egluco;
			productReference = DE98A7CA2994124300426E6B /* egluco.app */;
			productType = "com.apple.product-type.application";
		};
		DE98A7DA2994124400426E6B /* eglucoTests */ = {
			isa = PBXNativeTarget;
			buildConfigurationList = DE98A7F22994124400426E6B /* Build configuration list for PBXNativeTarget "eglucoTests" */;
			buildPhases = (
				DE98A7D72994124400426E6B /* Sources */,
				DE98A7D82994124400426E6B /* Frameworks */,
				DE98A7D92994124400426E6B /* Resources */,
			);
			buildRules = (
			);
			dependencies = (
				DE98A7DD2994124400426E6B /* PBXTargetDependency */,
			);
			name = eglucoTests;
			productName = eglucoTests;
			productReference = DE98A7DB2994124400426E6B /* eglucoTests.xctest */;
			productType = "com.apple.product-type.bundle.unit-test";
		};
		DE98A7E42994124400426E6B /* eglucoUITests */ = {
			isa = PBXNativeTarget;
			buildConfigurationList = DE98A7F52994124400426E6B /* Build configuration list for PBXNativeTarget "eglucoUITests" */;
			buildPhases = (
				DE98A7E12994124400426E6B /* Sources */,
				DE98A7E22994124400426E6B /* Frameworks */,
				DE98A7E32994124400426E6B /* Resources */,
			);
			buildRules = (
			);
			dependencies = (
				DE98A7E72994124400426E6B /* PBXTargetDependency */,
			);
			name = eglucoUITests;
			productName = eglucoUITests;
			productReference = DE98A7E52994124400426E6B /* eglucoUITests.xctest */;
			productType = "com.apple.product-type.bundle.ui-testing";
		};
/* End PBXNativeTarget section */

/* Begin PBXProject section */
		DE98A7C22994124300426E6B /* Project object */ = {
			isa = PBXProject;
			attributes = {
				BuildIndependentTargetsInParallel = 1;
				LastSwiftUpdateCheck = 1420;
				LastUpgradeCheck = 1420;
				TargetAttributes = {
					DE98A7C92994124300426E6B = {
						CreatedOnToolsVersion = 14.2;
					};
					DE98A7DA2994124400426E6B = {
						CreatedOnToolsVersion = 14.2;
						TestTargetID = DE98A7C92994124300426E6B;
					};
					DE98A7E42994124400426E6B = {
						CreatedOnToolsVersion = 14.2;
						TestTargetID = DE98A7C92994124300426E6B;
					};
				};
			};
			buildConfigurationList = DE98A7C52994124300426E6B /* Build configuration list for PBXProject "egluco" */;
			compatibilityVersion = "Xcode 14.0";
			developmentRegion = en;
			hasScannedForEncodings = 0;
			knownRegions = (
				en,
				Base,
			);
			mainGroup = DE98A7C12994124300426E6B;
			productRefGroup = DE98A7CB2994124300426E6B /* Products */;
			projectDirPath = "";
			projectRoot = "";
			targets = (
				DE98A7C92994124300426E6B /* egluco */,
				DE98A7DA2994124400426E6B /* eglucoTests */,
				DE98A7E42994124400426E6B /* eglucoUITests */,
			);
		};
/* End PBXProject section */

/* Begin PBXResourcesBuildPhase section */
		DE98A7C82994124300426E6B /* Resources */ = {
			isa = PBXResourcesBuildPhase;
			buildActionMask = 2147483647;
			files = (
				DE98A7D62994124400426E6B /* Preview Assets.xcassets in Resources */,
				DE98A7D22994124400426E6B /* Assets.xcassets in Resources */,
			);
			runOnlyForDeploymentPostprocessing = 0;
		};
		DE98A7D92994124400426E6B /* Resources */ = {
			isa = PBXResourcesBuildPhase;
			buildActionMask = 2147483647;
			files = (
			);
			runOnlyForDeploymentPostprocessing = 0;
		};
		DE98A7E32994124400426E6B /* Resources */ = {
			isa = PBXResourcesBuildPhase;
			buildActionMask = 2147483647;
			files = (
			);
			runOnlyForDeploymentPostprocessing = 0;
		};
/* End PBXResourcesBuildPhase section */

/* Begin PBXSourcesBuildPhase section */
		DE98A7C62994124300426E6B /* Sources */ = {
			isa = PBXSourcesBuildPhase;
			buildActionMask = 2147483647;
			files = (
				DE98A7D02994124300426E6B /* ContentView.swift in Sources */,
				DE98A7CE2994124300426E6B /* eglucoApp.swift in Sources */,
			);
			runOnlyForDeploymentPostprocessing = 0;
		};
		DE98A7D72994124400426E6B /* Sources */ = {
			isa = PBXSourcesBuildPhase;
			buildActionMask = 2147483647;
			files = (
				DE98A7E02994124400426E6B /* eglucoTests.swift in Sources */,
			);
			runOnlyForDeploymentPostprocessing = 0;
		};
		DE98A7E12994124400426E6B /* Sources */ = {
			isa = PBXSourcesBuildPhase;
			buildActionMask = 2147483647;
			files = (
				DE98A7EA2994124400426E6B /* eglucoUITests.swift in Sources */,
				DE98A7EC2994124400426E6B /* eglucoUITestsLaunchTests.swift in Sources */,
			);
			runOnlyForDeploymentPostprocessing = 0;
		};
/* End PBXSourcesBuildPhase section */

/* Begin PBXTargetDependency section */
		DE98A7DD2994124400426E6B /* PBXTargetDependency */ = {
			isa = PBXTargetDependency;
			target = DE98A7C92994124300426E6B /* egluco */;
			targetProxy = DE98A7DC2994124400426E6B /* PBXContainerItemProxy */;
		};
		DE98A7E72994124400426E6B /* PBXTargetDependency */ = {
			isa = PBXTargetDependency;
			target = DE98A7C92994124300426E6B /* egluco */;
			targetProxy = DE98A7E62994124400426E6B /* PBXContainerItemProxy */;
		};
/* End PBXTargetDependency section */

/* Begin XCBuildConfiguration section */
		DE98A7ED2994124400426E6B /* Debug */ = {
			isa = XCBuildConfiguration;
			buildSettings = {
				ALWAYS_SEARCH_USER_PATHS = NO;
				CLANG_ANALYZER_NONNULL = YES;
				CLANG_ANALYZER_NUMBER_OBJECT_CONVERSION = YES_AGGRESSIVE;
				CLANG_CXX_LANGUAGE_STANDARD = "gnu++20";
				CLANG_ENABLE_MODULES = YES;
				CLANG_ENABLE_OBJC_ARC = YES;
				CLANG_ENABLE_OBJC_WEAK = YES;
				CLANG_WARN_BLOCK_CAPTURE_AUTORELEASING = YES;
				CLANG_WARN_BOOL_CONVERSION = YES;
				CLANG_WARN_COMMA = YES;
				CLANG_WARN_CONSTANT_CONVERSION = YES;
				CLANG_WARN_DEPRECATED_OBJC_IMPLEMENTATIONS = YES;
				CLANG_WARN_DIRECT_OBJC_ISA_USAGE = YES_ERROR;
				CLANG_WARN_DOCUMENTATION_COMMENTS = YES;
				CLANG_WARN_EMPTY_BODY = YES;
				CLANG_WARN_ENUM_CONVERSION = YES;
				CLANG_WARN_INFINITE_RECURSION = YES;
				CLANG_WARN_INT_CONVERSION = YES;
				CLANG_WARN_NON_LITERAL_NULL_CONVERSION = YES;
				CLANG_WARN_OBJC_IMPLICIT_RETAIN_SELF = YES;
				CLANG_WARN_OBJC_LITERAL_CONVERSION = YES;
				CLANG_WARN_OBJC_ROOT_CLASS = YES_ERROR;
				CLANG_WARN_QUOTED_INCLUDE_IN_FRAMEWORK_HEADER = YES;
				CLANG_WARN_RANGE_LOOP_ANALYSIS = YES;
				CLANG_WARN_STRICT_PROTOTYPES = YES;
				CLANG_WARN_SUSPICIOUS_MOVE = YES;
				CLANG_WARN_UNGUARDED_AVAILABILITY = YES_AGGRESSIVE;
				CLANG_WARN_UNREACHABLE_CODE = YES;
				CLANG_WARN__DUPLICATE_METHOD_MATCH = YES;
				COPY_PHASE_STRIP = NO;
				DEBUG_INFORMATION_FORMAT = dwarf;
				ENABLE_STRICT_OBJC_MSGSEND = YES;
				ENABLE_TESTABILITY = YES;
				GCC_C_LANGUAGE_STANDARD = gnu11;
				GCC_DYNAMIC_NO_PIC = NO;
				GCC_NO_COMMON_BLOCKS = YES;
				GCC_OPTIMIZATION_LEVEL = 0;
				GCC_PREPROCESSOR_DEFINITIONS = (
					"DEBUG=1",
					"$(inherited)",
				);
				GCC_WARN_64_TO_32_BIT_CONVERSION = YES;
				GCC_WARN_ABOUT_RETURN_TYPE = YES_ERROR;
				GCC_WARN_UNDECLARED_SELECTOR = YES;
				GCC_WARN_UNINITIALIZED_AUTOS = YES_AGGRESSIVE;
				GCC_WARN_UNUSED_FUNCTION = YES;
				GCC_WARN_UNUSED_VARIABLE = YES;
				MTL_ENABLE_DEBUG_INFO = INCLUDE_SOURCE;
				MTL_FAST_MATH = YES;
				ONLY_ACTIVE_ARCH = YES;
				SWIFT_ACTIVE_COMPILATION_CONDITIONS = DEBUG;
				SWIFT_OPTIMIZATION_LEVEL = "-Onone";
			};
			name = Debug;
		};
		DE98A7EE2994124400426E6B /* Release */ = {
			isa = XCBuildConfiguration;
			buildSettings = {
				ALWAYS_SEARCH_USER_PATHS = NO;
				CLANG_ANALYZER_NONNULL = YES;
				CLANG_ANALYZER_NUMBER_OBJECT_CONVERSION = YES_AGGRESSIVE;
				CLANG_CXX_LANGUAGE_STANDARD = "gnu++20";
				CLANG_ENABLE_MODULES = YES;
				CLANG_ENABLE_OBJC_ARC = YES;
				CLANG_ENABLE_OBJC_WEAK = YES;
				CLANG_WARN_BLOCK_CAPTURE_AUTORELEASING = YES;
				CLANG_WARN_BOOL_CONVERSION = YES;
				CLANG_WARN_COMMA = YES;
				CLANG_WARN_CONSTANT_CONVERSION = YES;
				CLANG_WARN_DEPRECATED_OBJC_IMPLEMENTATIONS = YES;
				CLANG_WARN_DIRECT_OBJC_ISA_USAGE = YES_ERROR;
				CLANG_WARN_DOCUMENTATION_COMMENTS = YES;
				CLANG_WARN_EMPTY_BODY = YES;
				CLANG_WARN_ENUM_CONVERSION = YES;
				CLANG_WARN_INFINITE_RECURSION = YES;
				CLANG_WARN_INT_CONVERSION = YES;
				CLANG_WARN_NON_LITERAL_NULL_CONVERSION = YES;
				CLANG_WARN_OBJC_IMPLICIT_RETAIN_SELF = YES;
				CLANG_WARN_OBJC_LITERAL_CONVERSION = YES;
				CLANG_WARN_OBJC_ROOT_CLASS = YES_ERROR;
				CLANG_WARN_QUOTED_INCLUDE_IN_FRAMEWORK_HEADER = YES;
				CLANG_WARN_RANGE_LOOP_ANALYSIS = YES;
				CLANG_WARN_STRICT_PROTOTYPES = YES;
				CLANG_WARN_SUSPICIOUS_MOVE = YES;
				CLANG_WARN_UNGUARDED_AVAILABILITY = YES_AGGRESSIVE;
				CLANG_WARN_UNREACHABLE_CODE = YES;
				CLANG_WARN__DUPLICATE_METHOD_MATCH = YES;
				COPY_PHASE_STRIP = NO;
				DEBUG_INFORMATION_FORMAT = "dwarf-with-dsym";
				ENABLE_NS_ASSERTIONS = NO;
				ENABLE_STRICT_OBJC_MSGSEND = YES;
				GCC_C_LANGUAGE_STANDARD = gnu11;
				GCC_NO_COMMON_BLOCKS = YES;
				GCC_WARN_64_TO_32_BIT_CONVERSION = YES;
				GCC_WARN_ABOUT_RETURN_TYPE = YES_ERROR;
				GCC_WARN_UNDECLARED_SELECTOR = YES;
				GCC_WARN_UNINITIALIZED_AUTOS = YES_AGGRESSIVE;
				GCC_WARN_UNUSED_FUNCTION = YES;
				GCC_WARN_UNUSED_VARIABLE = YES;
				MTL_ENABLE_DEBUG_INFO = NO;
				MTL_FAST_MATH = YES;
				SWIFT_COMPILATION_MODE = wholemodule;
				SWIFT_OPTIMIZATION_LEVEL = "-O";
			};
			name = Release;
		};
		DE98A7F02994124400426E6B /* Debug */ = {
			isa = XCBuildConfiguration;
			buildSettings = {
				ASSETCATALOG_COMPILER_APPICON_NAME = AppIcon;
				ASSETCATALOG_COMPILER_GLOBAL_ACCENT_COLOR_NAME = AccentColor;
				CODE_SIGN_ENTITLEMENTS = egluco/egluco.entitlements;
				CODE_SIGN_STYLE = Automatic;
				CURRENT_PROJECT_VERSION = 1;
				DEVELOPMENT_ASSET_PATHS = "\"egluco/Preview Content\"";
				ENABLE_PREVIEWS = YES;
				GENERATE_INFOPLIST_FILE = YES;
				"INFOPLIST_KEY_UIApplicationSceneManifest_Generation[sdk=iphoneos*]" = YES;
				"INFOPLIST_KEY_UIApplicationSceneManifest_Generation[sdk=iphonesimulator*]" = YES;
				"INFOPLIST_KEY_UIApplicationSupportsIndirectInputEvents[sdk=iphoneos*]" = YES;
				"INFOPLIST_KEY_UIApplicationSupportsIndirectInputEvents[sdk=iphonesimulator*]" = YES;
				"INFOPLIST_KEY_UILaunchScreen_Generation[sdk=iphoneos*]" = YES;
				"INFOPLIST_KEY_UILaunchScreen_Generation[sdk=iphonesimulator*]" = YES;
				"INFOPLIST_KEY_UIStatusBarStyle[sdk=iphoneos*]" = UIStatusBarStyleDefault;
				"INFOPLIST_KEY_UIStatusBarStyle[sdk=iphonesimulator*]" = UIStatusBarStyleDefault;
				INFOPLIST_KEY_UISupportedInterfaceOrientations_iPad = "UIInterfaceOrientationPortrait UIInterfaceOrientationPortraitUpsideDown UIInterfaceOrientationLandscapeLeft UIInterfaceOrientationLandscapeRight";
				INFOPLIST_KEY_UISupportedInterfaceOrientations_iPhone = "UIInterfaceOrientationPortrait UIInterfaceOrientationLandscapeLeft UIInterfaceOrientationLandscapeRight";
				IPHONEOS_DEPLOYMENT_TARGET = 16.2;
				LD_RUNPATH_SEARCH_PATHS = "@executable_path/Frameworks";
				"LD_RUNPATH_SEARCH_PATHS[sdk=macosx*]" = "@executable_path/../Frameworks";
				MACOSX_DEPLOYMENT_TARGET = 13.1;
				MARKETING_VERSION = 1.0;
				PRODUCT_BUNDLE_IDENTIFIER = udesc.egluco;
				PRODUCT_NAME = "$(TARGET_NAME)";
				SDKROOT = auto;
				SUPPORTED_PLATFORMS = "iphoneos iphonesimulator macosx";
				SWIFT_EMIT_LOC_STRINGS = YES;
				SWIFT_VERSION = 5.0;
				TARGETED_DEVICE_FAMILY = "1,2";
			};
			name = Debug;
		};
		DE98A7F12994124400426E6B /* Release */ = {
			isa = XCBuildConfiguration;
			buildSettings = {
				ASSETCATALOG_COMPILER_APPICON_NAME = AppIcon;
				ASSETCATALOG_COMPILER_GLOBAL_ACCENT_COLOR_NAME = AccentColor;
				CODE_SIGN_ENTITLEMENTS = egluco/egluco.entitlements;
				CODE_SIGN_STYLE = Automatic;
				CURRENT_PROJECT_VERSION = 1;
				DEVELOPMENT_ASSET_PATHS = "\"egluco/Preview Content\"";
				ENABLE_PREVIEWS = YES;
				GENERATE_INFOPLIST_FILE = YES;
				"INFOPLIST_KEY_UIApplicationSceneManifest_Generation[sdk=iphoneos*]" = YES;
				"INFOPLIST_KEY_UIApplicationSceneManifest_Generation[sdk=iphonesimulator*]" = YES;
				"INFOPLIST_KEY_UIApplicationSupportsIndirectInputEvents[sdk=iphoneos*]" = YES;
				"INFOPLIST_KEY_UIApplicationSupportsIndirectInputEvents[sdk=iphonesimulator*]" = YES;
				"INFOPLIST_KEY_UILaunchScreen_Generation[sdk=iphoneos*]" = YES;
				"INFOPLIST_KEY_UILaunchScreen_Generation[sdk=iphonesimulator*]" = YES;
				"INFOPLIST_KEY_UIStatusBarStyle[sdk=iphoneos*]" = UIStatusBarStyleDefault;
				"INFOPLIST_KEY_UIStatusBarStyle[sdk=iphonesimulator*]" = UIStatusBarStyleDefault;
				INFOPLIST_KEY_UISupportedInterfaceOrientations_iPad = "UIInterfaceOrientationPortrait UIInterfaceOrientationPortraitUpsideDown UIInterfaceOrientationLandscapeLeft UIInterfaceOrientationLandscapeRight";
				INFOPLIST_KEY_UISupportedInterfaceOrientations_iPhone = "UIInterfaceOrientationPortrait UIInterfaceOrientationLandscapeLeft UIInterfaceOrientationLandscapeRight";
				IPHONEOS_DEPLOYMENT_TARGET = 16.2;
				LD_RUNPATH_SEARCH_PATHS = "@executable_path/Frameworks";
				"LD_RUNPATH_SEARCH_PATHS[sdk=macosx*]" = "@executable_path/../Frameworks";
				MACOSX_DEPLOYMENT_TARGET = 13.1;
				MARKETING_VERSION = 1.0;
				PRODUCT_BUNDLE_IDENTIFIER = udesc.egluco;
				PRODUCT_NAME = "$(TARGET_NAME)";
				SDKROOT = auto;
				SUPPORTED_PLATFORMS = "iphoneos iphonesimulator macosx";
				SWIFT_EMIT_LOC_STRINGS = YES;
				SWIFT_VERSION = 5.0;
				TARGETED_DEVICE_FAMILY = "1,2";
			};
			name = Release;
		};
		DE98A7F32994124400426E6B /* Debug */ = {
			isa = XCBuildConfiguration;
			buildSettings = {
				ALWAYS_EMBED_SWIFT_STANDARD_LIBRARIES = YES;
				BUNDLE_LOADER = "$(TEST_HOST)";
				CODE_SIGN_STYLE = Automatic;
				CURRENT_PROJECT_VERSION = 1;
				GENERATE_INFOPLIST_FILE = YES;
				IPHONEOS_DEPLOYMENT_TARGET = 16.2;
				MACOSX_DEPLOYMENT_TARGET = 13.1;
				MARKETING_VERSION = 1.0;
				PRODUCT_BUNDLE_IDENTIFIER = udesc.eglucoTests;
				PRODUCT_NAME = "$(TARGET_NAME)";
				SDKROOT = auto;
				SUPPORTED_PLATFORMS = "iphoneos iphonesimulator macosx";
				SWIFT_EMIT_LOC_STRINGS = NO;
				SWIFT_VERSION = 5.0;
				TARGETED_DEVICE_FAMILY = "1,2";
				TEST_HOST = "$(BUILT_PRODUCTS_DIR)/egluco.app/$(BUNDLE_EXECUTABLE_FOLDER_PATH)/egluco";
			};
			name = Debug;
		};
		DE98A7F42994124400426E6B /* Release */ = {
			isa = XCBuildConfiguration;
			buildSettings = {
				ALWAYS_EMBED_SWIFT_STANDARD_LIBRARIES = YES;
				BUNDLE_LOADER = "$(TEST_HOST)";
				CODE_SIGN_STYLE = Automatic;
				CURRENT_PROJECT_VERSION = 1;
				GENERATE_INFOPLIST_FILE = YES;
				IPHONEOS_DEPLOYMENT_TARGET = 16.2;
				MACOSX_DEPLOYMENT_TARGET = 13.1;
				MARKETING_VERSION = 1.0;
				PRODUCT_BUNDLE_IDENTIFIER = udesc.eglucoTests;
				PRODUCT_NAME = "$(TARGET_NAME)";
				SDKROOT = auto;
				SUPPORTED_PLATFORMS = "iphoneos iphonesimulator macosx";
				SWIFT_EMIT_LOC_STRINGS = NO;
				SWIFT_VERSION = 5.0;
				TARGETED_DEVICE_FAMILY = "1,2";
				TEST_HOST = "$(BUILT_PRODUCTS_DIR)/egluco.app/$(BUNDLE_EXECUTABLE_FOLDER_PATH)/egluco";
			};
			name = Release;
		};
		DE98A7F62994124400426E6B /* Debug */ = {
			isa = XCBuildConfiguration;
			buildSettings = {
				ALWAYS_EMBED_SWIFT_STANDARD_LIBRARIES = YES;
				CODE_SIGN_STYLE = Automatic;
				CURRENT_PROJECT_VERSION = 1;
				GENERATE_INFOPLIST_FILE = YES;
				IPHONEOS_DEPLOYMENT_TARGET = 16.2;
				MACOSX_DEPLOYMENT_TARGET = 13.1;
				MARKETING_VERSION = 1.0;
				PRODUCT_BUNDLE_IDENTIFIER = udesc.eglucoUITests;
				PRODUCT_NAME = "$(TARGET_NAME)";
				SDKROOT = auto;
				SUPPORTED_PLATFORMS = "iphoneos iphonesimulator macosx";
				SWIFT_EMIT_LOC_STRINGS = NO;
				SWIFT_VERSION = 5.0;
				TARGETED_DEVICE_FAMILY = "1,2";
				TEST_TARGET_NAME = egluco;
			};
			name = Debug;
		};
		DE98A7F72994124400426E6B /* Release */ = {
			isa = XCBuildConfiguration;
			buildSettings = {
				ALWAYS_EMBED_SWIFT_STANDARD_LIBRARIES = YES;
				CODE_SIGN_STYLE = Automatic;
				CURRENT_PROJECT_VERSION = 1;
				GENERATE_INFOPLIST_FILE = YES;
				IPHONEOS_DEPLOYMENT_TARGET = 16.2;
				MACOSX_DEPLOYMENT_TARGET = 13.1;
				MARKETING_VERSION = 1.0;
				PRODUCT_BUNDLE_IDENTIFIER = udesc.eglucoUITests;
				PRODUCT_NAME = "$(TARGET_NAME)";
				SDKROOT = auto;
				SUPPORTED_PLATFORMS = "iphoneos iphonesimulator macosx";
				SWIFT_EMIT_LOC_STRINGS = NO;
				SWIFT_VERSION = 5.0;
				TARGETED_DEVICE_FAMILY = "1,2";
				TEST_TARGET_NAME = egluco;
			};
			name = Release;
		};
/* End XCBuildConfiguration section */

/* Begin XCConfigurationList section */
		DE98A7C52994124300426E6B /* Build configuration list for PBXProject "egluco" */ = {
			isa = XCConfigurationList;
			buildConfigurations = (
				DE98A7ED2994124400426E6B /* Debug */,
				DE98A7EE2994124400426E6B /* Release */,
			);
			defaultConfigurationIsVisible = 0;
			defaultConfigurationName = Release;
		};
		DE98A7EF2994124400426E6B /* Build configuration list for PBXNativeTarget "egluco" */ = {
			isa = XCConfigurationList;
			buildConfigurations = (
				DE98A7F02994124400426E6B /* Debug */,
				DE98A7F12994124400426E6B /* Release */,
			);
			defaultConfigurationIsVisible = 0;
			defaultConfigurationName = Release;
		};
		DE98A7F22994124400426E6B /* Build configuration list for PBXNativeTarget "eglucoTests" */ = {
			isa = XCConfigurationList;
			buildConfigurations = (
				DE98A7F32994124400426E6B /* Debug */,
				DE98A7F42994124400426E6B /* Release */,
			);
			defaultConfigurationIsVisible = 0;
			defaultConfigurationName = Release;
		};
		DE98A7F52994124400426E6B /* Build configuration list for PBXNativeTarget "eglucoUITests" */ = {
			isa = XCConfigurationList;
			buildConfigurations = (
				DE98A7F62994124400426E6B /* Debug */,
				DE98A7F72994124400426E6B /* Release */,
			);
			defaultConfigurationIsVisible = 0;
			defaultConfigurationName = Release;
		};
/* End XCConfigurationList section */
	};
	rootObject = DE98A7C22994124300426E6B /* Project object */;
}
